
Microsoft Visual Studio Solution File, Format Version 12.00
# Visual Studio Version 16
VisualStudioVersion = 16.0.31005.135
MinimumVisualStudioVersion = 10.0.40219.1
Project("{9A19103F-16F7-4668-BE54-9A1E7A4F7556}") = "ParkBee.Assessment.API", "ParkBee.Assessment.API\ParkBee.Assessment.API.csproj", "{8AFA91E8-DB22-4006-A6AD-3A746C4FDA0B}"
EndProject
Project("{9A19103F-16F7-4668-BE54-9A1E7A4F7556}") = "ParkBee.Assessment.UI", "ParkBee.Assessment.UI\ParkBee.Assessment.UI.csproj", "{1B415187-25B8-4F5C-B8CB-11A50A4834DB}"
EndProject
Project("{FAE04EC0-301F-11D3-BF4B-00C04F79EFBC}") = "ParkBee.Assessment.API.UnitTests", "ParkBee.Assessment.API.UnitTests\ParkBee.Assessment.API.UnitTests.csproj", "{7CE25F9E-A871-4CBE-8C92-7171D49731E5}"
EndProject
Global
	GlobalSection(SolutionConfigurationPlatforms) = preSolution
		Debug|Any CPU = Debug|Any CPU
		Release|Any CPU = Release|Any CPU
	EndGlobalSection
	GlobalSection(ProjectConfigurationPlatforms) = postSolution
		{8AFA91E8-DB22-4006-A6AD-3A746C4FDA0B}.Debug|Any CPU.ActiveCfg = Debug|Any CPU
		{8AFA91E8-DB22-4006-A6AD-3A746C4FDA0B}.Debug|Any CPU.Build.0 = Debug|Any CPU
		{8AFA91E8-DB22-4006-A6AD-3A746C4FDA0B}.Release|Any CPU.ActiveCfg = Release|Any CPU
		{8AFA91E8-DB22-4006-A6AD-3A746C4FDA0B}.Release|Any CPU.Build.0 = Release|Any CPU
		{1B415187-25B8-4F5C-B8CB-11A50A4834DB}.Debug|Any CPU.ActiveCfg = Debug|Any CPU
		{1B415187-25B8-4F5C-B8CB-11A50A4834DB}.Debug|Any CPU.Build.0 = Debug|Any CPU
		{1B415187-25B8-4F5C-B8CB-11A50A4834DB}.Release|Any CPU.ActiveCfg = Release|Any CPU
		{1B415187-25B8-4F5C-B8CB-11A50A4834DB}.Release|Any CPU.Build.0 = Release|Any CPU
		{7CE25F9E-A871-4CBE-8C92-7171D49731E5}.Debug|Any CPU.ActiveCfg = Debug|Any CPU
		{7CE25F9E-A871-4CBE-8C92-7171D49731E5}.Debug|Any CPU.Build.0 = Debug|Any CPU
		{7CE25F9E-A871-4CBE-8C92-7171D49731E5}.Release|Any CPU.ActiveCfg = Release|Any CPU
		{7CE25F9E-A871-4CBE-8C92-7171D49731E5}.Release|Any CPU.Build.0 = Release|Any CPU
	EndGlobalSection
	GlobalSection(SolutionProperties) = preSolution
		HideSolutionNode = FALSE
	EndGlobalSection
	GlobalSection(ExtensibilityGlobals) = postSolution
		SolutionGuid = {14EEFE3F-2D14-4BC2-8A2F-11327592D1F8}
	EndGlobalSection
EndGlobal
